// !$*UTF8*$!
{
	archiveVersion = 1;
	classes = {
	};
	objectVersion = 56;
	objects = {

/* Begin PBXBuildFile section */
		759C55FD2B769386007C5024 /* AppDelegate.swift in Sources */ = {isa = PBXBuildFile; fileRef = 759C55FC2B769386007C5024 /* AppDelegate.swift */; };
		759C55FF2B769386007C5024 /* SceneDelegate.swift in Sources */ = {isa = PBXBuildFile; fileRef = 759C55FE2B769386007C5024 /* SceneDelegate.swift */; };
		759C56012B769386007C5024 /* ViewController.swift in Sources */ = {isa = PBXBuildFile; fileRef = 759C56002B769386007C5024 /* ViewController.swift */; };
		759C56062B769388007C5024 /* Assets.xcassets in Resources */ = {isa = PBXBuildFile; fileRef = 759C56052B769388007C5024 /* Assets.xcassets */; };
		759C56092B769388007C5024 /* LaunchScreen.storyboard in Resources */ = {isa = PBXBuildFile; fileRef = 759C56072B769388007C5024 /* LaunchScreen.storyboard */; };
		759C56172B769408007C5024 /* CalculateShapeTests.swift in Sources */ = {isa = PBXBuildFile; fileRef = 759C56162B769408007C5024 /* CalculateShapeTests.swift */; };
		759C561E2B769434007C5024 /* Shape.swift in Sources */ = {isa = PBXBuildFile; fileRef = 759C561D2B769434007C5024 /* Shape.swift */; };
		759C56202B769447007C5024 /* Circle.swift in Sources */ = {isa = PBXBuildFile; fileRef = 759C561F2B769447007C5024 /* Circle.swift */; };
		759C56222B76945D007C5024 /* Triangle.swift in Sources */ = {isa = PBXBuildFile; fileRef = 759C56212B76945D007C5024 /* Triangle.swift */; };
		759C56242B769498007C5024 /* ShapeCalculator.swift in Sources */ = {isa = PBXBuildFile; fileRef = 759C56232B769498007C5024 /* ShapeCalculator.swift */; };
		759C56262B7696C2007C5024 /* DontKnowShape.swift in Sources */ = {isa = PBXBuildFile; fileRef = 759C56252B7696C2007C5024 /* DontKnowShape.swift */; };
/* End PBXBuildFile section */

/* Begin PBXContainerItemProxy section */
		759C56182B769408007C5024 /* PBXContainerItemProxy */ = {
			isa = PBXContainerItemProxy;
			containerPortal = 759C55F12B769386007C5024 /* Project object */;
			proxyType = 1;
			remoteGlobalIDString = 759C55F82B769386007C5024;
			remoteInfo = CalculateShape;
		};
/* End PBXContainerItemProxy section */

/* Begin PBXFileReference section */
		759C55F92B769386007C5024 /* CalculateShape.app */ = {isa = PBXFileReference; explicitFileType = wrapper.application; includeInIndex = 0; path = CalculateShape.app; sourceTree = BUILT_PRODUCTS_DIR; };
		759C55FC2B769386007C5024 /* AppDelegate.swift */ = {isa = PBXFileReference; lastKnownFileType = sourcecode.swift; path = AppDelegate.swift; sourceTree = "<group>"; };
		759C55FE2B769386007C5024 /* SceneDelegate.swift */ = {isa = PBXFileReference; lastKnownFileType = sourcecode.swift; path = SceneDelegate.swift; sourceTree = "<group>"; };
		759C56002B769386007C5024 /* ViewController.swift */ = {isa = PBXFileReference; lastKnownFileType = sourcecode.swift; path = ViewController.swift; sourceTree = "<group>"; };
		759C56052B769388007C5024 /* Assets.xcassets */ = {isa = PBXFileReference; lastKnownFileType = folder.assetcatalog; path = Assets.xcassets; sourceTree = "<group>"; };
		759C56082B769388007C5024 /* Base */ = {isa = PBXFileReference; lastKnownFileType = file.storyboard; name = Base; path = Base.lproj/LaunchScreen.storyboard; sourceTree = "<group>"; };
		759C560A2B769388007C5024 /* Info.plist */ = {isa = PBXFileReference; lastKnownFileType = text.plist.xml; path = Info.plist; sourceTree = "<group>"; };
		759C56142B769408007C5024 /* CalculateShapeTests.xctest */ = {isa = PBXFileReference; explicitFileType = wrapper.cfbundle; includeInIndex = 0; path = CalculateShapeTests.xctest; sourceTree = BUILT_PRODUCTS_DIR; };
		759C56162B769408007C5024 /* CalculateShapeTests.swift */ = {isa = PBXFileReference; lastKnownFileType = sourcecode.swift; path = CalculateShapeTests.swift; sourceTree = "<group>"; };
		759C561D2B769434007C5024 /* Shape.swift */ = {isa = PBXFileReference; lastKnownFileType = sourcecode.swift; path = Shape.swift; sourceTree = "<group>"; };
		759C561F2B769447007C5024 /* Circle.swift */ = {isa = PBXFileReference; lastKnownFileType = sourcecode.swift; path = Circle.swift; sourceTree = "<group>"; };
		759C56212B76945D007C5024 /* Triangle.swift */ = {isa = PBXFileReference; lastKnownFileType = sourcecode.swift; path = Triangle.swift; sourceTree = "<group>"; };
		759C56232B769498007C5024 /* ShapeCalculator.swift */ = {isa = PBXFileReference; lastKnownFileType = sourcecode.swift; path = ShapeCalculator.swift; sourceTree = "<group>"; };
		759C56252B7696C2007C5024 /* DontKnowShape.swift */ = {isa = PBXFileReference; lastKnownFileType = sourcecode.swift; path = DontKnowShape.swift; sourceTree = "<group>"; };
/* End PBXFileReference section */

/* Begin PBXFrameworksBuildPhase section */
		759C55F62B769386007C5024 /* Frameworks */ = {
			isa = PBXFrameworksBuildPhase;
			buildActionMask = 2147483647;
			files = (
			);
			runOnlyForDeploymentPostprocessing = 0;
		};
		759C56112B769407007C5024 /* Frameworks */ = {
			isa = PBXFrameworksBuildPhase;
			buildActionMask = 2147483647;
			files = (
			);
			runOnlyForDeploymentPostprocessing = 0;
		};
/* End PBXFrameworksBuildPhase section */

/* Begin PBXGroup section */
		759C55F02B769386007C5024 = {
			isa = PBXGroup;
			children = (
				759C55FB2B769386007C5024 /* CalculateShape */,
				759C56152B769408007C5024 /* CalculateShapeTests */,
				759C55FA2B769386007C5024 /* Products */,
			);
			sourceTree = "<group>";
		};
		759C55FA2B769386007C5024 /* Products */ = {
			isa = PBXGroup;
			children = (
				759C55F92B769386007C5024 /* CalculateShape.app */,
				759C56142B769408007C5024 /* CalculateShapeTests.xctest */,
			);
			name = Products;
			sourceTree = "<group>";
		};
		759C55FB2B769386007C5024 /* CalculateShape */ = {
			isa = PBXGroup;
			children = (
				759C55FC2B769386007C5024 /* AppDelegate.swift */,
				759C55FE2B769386007C5024 /* SceneDelegate.swift */,
				759C56002B769386007C5024 /* ViewController.swift */,
				759C56052B769388007C5024 /* Assets.xcassets */,
				759C56072B769388007C5024 /* LaunchScreen.storyboard */,
				759C560A2B769388007C5024 /* Info.plist */,
				759C561D2B769434007C5024 /* Shape.swift */,
				759C561F2B769447007C5024 /* Circle.swift */,
				759C56212B76945D007C5024 /* Triangle.swift */,
				759C56232B769498007C5024 /* ShapeCalculator.swift */,
				759C56252B7696C2007C5024 /* DontKnowShape.swift */,
			);
			path = CalculateShape;
			sourceTree = "<group>";
		};
		759C56152B769408007C5024 /* CalculateShapeTests */ = {
			isa = PBXGroup;
			children = (
				759C56162B769408007C5024 /* CalculateShapeTests.swift */,
			);
			path = CalculateShapeTests;
			sourceTree = "<group>";
		};
/* End PBXGroup section */

/* Begin PBXNativeTarget section */
		759C55F82B769386007C5024 /* CalculateShape */ = {
			isa = PBXNativeTarget;
			buildConfigurationList = 759C560D2B769388007C5024 /* Build configuration list for PBXNativeTarget "CalculateShape" */;
			buildPhases = (
				759C55F52B769386007C5024 /* Sources */,
				759C55F62B769386007C5024 /* Frameworks */,
				759C55F72B769386007C5024 /* Resources */,
			);
			buildRules = (
			);
			dependencies = (
			);
			name = CalculateShape;
			productName = CalculateShape;
			productReference = 759C55F92B769386007C5024 /* CalculateShape.app */;
			productType = "com.apple.product-type.application";
		};
		759C56132B769407007C5024 /* CalculateShapeTests */ = {
			isa = PBXNativeTarget;
			buildConfigurationList = 759C561A2B769408007C5024 /* Build configuration list for PBXNativeTarget "CalculateShapeTests" */;
			buildPhases = (
				759C56102B769407007C5024 /* Sources */,
				759C56112B769407007C5024 /* Frameworks */,
				759C56122B769407007C5024 /* Resources */,
			);
			buildRules = (
			);
			dependencies = (
				759C56192B769408007C5024 /* PBXTargetDependency */,
			);
			name = CalculateShapeTests;
			productName = CalculateShapeTests;
			productReference = 759C56142B769408007C5024 /* CalculateShapeTests.xctest */;
			productType = "com.apple.product-type.bundle.unit-test";
		};
/* End PBXNativeTarget section */

/* Begin PBXProject section */
		759C55F12B769386007C5024 /* Project object */ = {
			isa = PBXProject;
			attributes = {
				BuildIndependentTargetsInParallel = 1;
				LastSwiftUpdateCheck = 1520;
				LastUpgradeCheck = 1520;
				TargetAttributes = {
					759C55F82B769386007C5024 = {
						CreatedOnToolsVersion = 15.2;
					};
					759C56132B769407007C5024 = {
						CreatedOnToolsVersion = 15.2;
						TestTargetID = 759C55F82B769386007C5024;
					};
				};
			};
			buildConfigurationList = 759C55F42B769386007C5024 /* Build configuration list for PBXProject "CalculateShape" */;
			compatibilityVersion = "Xcode 14.0";
			developmentRegion = en;
			hasScannedForEncodings = 0;
			knownRegions = (
				en,
				Base,
			);
			mainGroup = 759C55F02B769386007C5024;
			productRefGroup = 759C55FA2B769386007C5024 /* Products */;
			projectDirPath = "";
			projectRoot = "";
			targets = (
				759C55F82B769386007C5024 /* CalculateShape */,
				759C56132B769407007C5024 /* CalculateShapeTests */,
			);
		};
/* End PBXProject section */

/* Begin PBXResourcesBuildPhase section */
		759C55F72B769386007C5024 /* Resources */ = {
			isa = PBXResourcesBuildPhase;
			buildActionMask = 2147483647;
			files = (
				759C56092B769388007C5024 /* LaunchScreen.storyboard in Resources */,
				759C56062B769388007C5024 /* Assets.xcassets in Resources */,
			);
			runOnlyForDeploymentPostprocessing = 0;
		};
		759C56122B769407007C5024 /* Resources */ = {
			isa = PBXResourcesBuildPhase;
			buildActionMask = 2147483647;
			files = (
			);
			runOnlyForDeploymentPostprocessing = 0;
		};
/* End PBXResourcesBuildPhase section */

/* Begin PBXSourcesBuildPhase section */
		759C55F52B769386007C5024 /* Sources */ = {
			isa = PBXSourcesBuildPhase;
			buildActionMask = 2147483647;
			files = (
				759C56242B769498007C5024 /* ShapeCalculator.swift in Sources */,
				759C56202B769447007C5024 /* Circle.swift in Sources */,
				759C56012B769386007C5024 /* ViewController.swift in Sources */,
				759C56262B7696C2007C5024 /* DontKnowShape.swift in Sources */,
				759C55FD2B769386007C5024 /* AppDelegate.swift in Sources */,
				759C56222B76945D007C5024 /* Triangle.swift in Sources */,
				759C55FF2B769386007C5024 /* SceneDelegate.swift in Sources */,
				759C561E2B769434007C5024 /* Shape.swift in Sources */,
			);
			runOnlyForDeploymentPostprocessing = 0;
		};
		759C56102B769407007C5024 /* Sources */ = {
			isa = PBXSourcesBuildPhase;
			buildActionMask = 2147483647;
			files = (
				759C56172B769408007C5024 /* CalculateShapeTests.swift in Sources */,
			);
			runOnlyForDeploymentPostprocessing = 0;
		};
/* End PBXSourcesBuildPhase section */

/* Begin PBXTargetDependency section */
		759C56192B769408007C5024 /* PBXTargetDependency */ = {
			isa = PBXTargetDependency;
			target = 759C55F82B769386007C5024 /* CalculateShape */;
			targetProxy = 759C56182B769408007C5024 /* PBXContainerItemProxy */;
		};
/* End PBXTargetDependency section */

/* Begin PBXVariantGroup section */
		759C56072B769388007C5024 /* LaunchScreen.storyboard */ = {
			isa = PBXVariantGroup;
			children = (
				759C56082B769388007C5024 /* Base */,
			);
			name = LaunchScreen.storyboard;
			sourceTree = "<group>";
		};
/* End PBXVariantGroup section */

/* Begin XCBuildConfiguration section */
		759C560B2B769388007C5024 /* Debug */ = {
			isa = XCBuildConfiguration;
			buildSettings = {
				ALWAYS_SEARCH_USER_PATHS = NO;
				ASSETCATALOG_COMPILER_GENERATE_SWIFT_ASSET_SYMBOL_EXTENSIONS = YES;
				CLANG_ANALYZER_NONNULL = YES;
				CLANG_ANALYZER_NUMBER_OBJECT_CONVERSION = YES_AGGRESSIVE;
				CLANG_CXX_LANGUAGE_STANDARD = "gnu++20";
				CLANG_ENABLE_MODULES = YES;
				CLANG_ENABLE_OBJC_ARC = YES;
				CLANG_ENABLE_OBJC_WEAK = YES;
				CLANG_WARN_BLOCK_CAPTURE_AUTORELEASING = YES;
				CLANG_WARN_BOOL_CONVERSION = YES;
				CLANG_WARN_COMMA = YES;
				CLANG_WARN_CONSTANT_CONVERSION = YES;
				CLANG_WARN_DEPRECATED_OBJC_IMPLEMENTATIONS = YES;
				CLANG_WARN_DIRECT_OBJC_ISA_USAGE = YES_ERROR;
				CLANG_WARN_DOCUMENTATION_COMMENTS = YES;
				CLANG_WARN_EMPTY_BODY = YES;
				CLANG_WARN_ENUM_CONVERSION = YES;
				CLANG_WARN_INFINITE_RECURSION = YES;
				CLANG_WARN_INT_CONVERSION = YES;
				CLANG_WARN_NON_LITERAL_NULL_CONVERSION = YES;
				CLANG_WARN_OBJC_IMPLICIT_RETAIN_SELF = YES;
				CLANG_WARN_OBJC_LITERAL_CONVERSION = YES;
				CLANG_WARN_OBJC_ROOT_CLASS = YES_ERROR;
				CLANG_WARN_QUOTED_INCLUDE_IN_FRAMEWORK_HEADER = YES;
				CLANG_WARN_RANGE_LOOP_ANALYSIS = YES;
				CLANG_WARN_STRICT_PROTOTYPES = YES;
				CLANG_WARN_SUSPICIOUS_MOVE = YES;
				CLANG_WARN_UNGUARDED_AVAILABILITY = YES_AGGRESSIVE;
				CLANG_WARN_UNREACHABLE_CODE = YES;
				CLANG_WARN__DUPLICATE_METHOD_MATCH = YES;
				COPY_PHASE_STRIP = NO;
				DEBUG_INFORMATION_FORMAT = dwarf;
				ENABLE_STRICT_OBJC_MSGSEND = YES;
				ENABLE_TESTABILITY = YES;
				ENABLE_USER_SCRIPT_SANDBOXING = YES;
				GCC_C_LANGUAGE_STANDARD = gnu17;
				GCC_DYNAMIC_NO_PIC = NO;
				GCC_NO_COMMON_BLOCKS = YES;
				GCC_OPTIMIZATION_LEVEL = 0;
				GCC_PREPROCESSOR_DEFINITIONS = (
					"DEBUG=1",
					"$(inherited)",
				);
				GCC_WARN_64_TO_32_BIT_CONVERSION = YES;
				GCC_WARN_ABOUT_RETURN_TYPE = YES_ERROR;
				GCC_WARN_UNDECLARED_SELECTOR = YES;
				GCC_WARN_UNINITIALIZED_AUTOS = YES_AGGRESSIVE;
				GCC_WARN_UNUSED_FUNCTION = YES;
				GCC_WARN_UNUSED_VARIABLE = YES;
				IPHONEOS_DEPLOYMENT_TARGET = 17.2;
				LOCALIZATION_PREFERS_STRING_CATALOGS = YES;
				MTL_ENABLE_DEBUG_INFO = INCLUDE_SOURCE;
				MTL_FAST_MATH = YES;
				ONLY_ACTIVE_ARCH = YES;
				SDKROOT = iphoneos;
				SWIFT_ACTIVE_COMPILATION_CONDITIONS = "DEBUG $(inherited)";
				SWIFT_OPTIMIZATION_LEVEL = "-Onone";
			};
			name = Debug;
		};
		759C560C2B769388007C5024 /* Release */ = {
			isa = XCBuildConfiguration;
			buildSettings = {
				ALWAYS_SEARCH_USER_PATHS = NO;
				ASSETCATALOG_COMPILER_GENERATE_SWIFT_ASSET_SYMBOL_EXTENSIONS = YES;
				CLANG_ANALYZER_NONNULL = YES;
				CLANG_ANALYZER_NUMBER_OBJECT_CONVERSION = YES_AGGRESSIVE;
				CLANG_CXX_LANGUAGE_STANDARD = "gnu++20";
				CLANG_ENABLE_MODULES = YES;
				CLANG_ENABLE_OBJC_ARC = YES;
				CLANG_ENABLE_OBJC_WEAK = YES;
				CLANG_WARN_BLOCK_CAPTURE_AUTORELEASING = YES;
				CLANG_WARN_BOOL_CONVERSION = YES;
				CLANG_WARN_COMMA = YES;
				CLANG_WARN_CONSTANT_CONVERSION = YES;
				CLANG_WARN_DEPRECATED_OBJC_IMPLEMENTATIONS = YES;
				CLANG_WARN_DIRECT_OBJC_ISA_USAGE = YES_ERROR;
				CLANG_WARN_DOCUMENTATION_COMMENTS = YES;
				CLANG_WARN_EMPTY_BODY = YES;
				CLANG_WARN_ENUM_CONVERSION = YES;
				CLANG_WARN_INFINITE_RECURSION = YES;
				CLANG_WARN_INT_CONVERSION = YES;
				CLANG_WARN_NON_LITERAL_NULL_CONVERSION = YES;
				CLANG_WARN_OBJC_IMPLICIT_RETAIN_SELF = YES;
				CLANG_WARN_OBJC_LITERAL_CONVERSION = YES;
				CLANG_WARN_OBJC_ROOT_CLASS = YES_ERROR;
				CLANG_WARN_QUOTED_INCLUDE_IN_FRAMEWORK_HEADER = YES;
				CLANG_WARN_RANGE_LOOP_ANALYSIS = YES;
				CLANG_WARN_STRICT_PROTOTYPES = YES;
				CLANG_WARN_SUSPICIOUS_MOVE = YES;
				CLANG_WARN_UNGUARDED_AVAILABILITY = YES_AGGRESSIVE;
				CLANG_WARN_UNREACHABLE_CODE = YES;
				CLANG_WARN__DUPLICATE_METHOD_MATCH = YES;
				COPY_PHASE_STRIP = NO;
				DEBUG_INFORMATION_FORMAT = "dwarf-with-dsym";
				ENABLE_NS_ASSERTIONS = NO;
				ENABLE_STRICT_OBJC_MSGSEND = YES;
				ENABLE_USER_SCRIPT_SANDBOXING = YES;
				GCC_C_LANGUAGE_STANDARD = gnu17;
				GCC_NO_COMMON_BLOCKS = YES;
				GCC_WARN_64_TO_32_BIT_CONVERSION = YES;
				GCC_WARN_ABOUT_RETURN_TYPE = YES_ERROR;
				GCC_WARN_UNDECLARED_SELECTOR = YES;
				GCC_WARN_UNINITIALIZED_AUTOS = YES_AGGRESSIVE;
				GCC_WARN_UNUSED_FUNCTION = YES;
				GCC_WARN_UNUSED_VARIABLE = YES;
				IPHONEOS_DEPLOYMENT_TARGET = 17.2;
				LOCALIZATION_PREFERS_STRING_CATALOGS = YES;
				MTL_ENABLE_DEBUG_INFO = NO;
				MTL_FAST_MATH = YES;
				SDKROOT = iphoneos;
				SWIFT_COMPILATION_MODE = wholemodule;
				VALIDATE_PRODUCT = YES;
			};
			name = Release;
		};
		759C560E2B769388007C5024 /* Debug */ = {
			isa = XCBuildConfiguration;
			buildSettings = {
				ASSETCATALOG_COMPILER_APPICON_NAME = AppIcon;
				ASSETCATALOG_COMPILER_GLOBAL_ACCENT_COLOR_NAME = AccentColor;
				CODE_SIGN_STYLE = Automatic;
				CURRENT_PROJECT_VERSION = 1;
				DEVELOPMENT_TEAM = S7DZ5Y7M7U;
				GENERATE_INFOPLIST_FILE = YES;
				INFOPLIST_FILE = CalculateShape/Info.plist;
				INFOPLIST_KEY_UIApplicationSupportsIndirectInputEvents = YES;
				INFOPLIST_KEY_UILaunchStoryboardName = LaunchScreen;
				INFOPLIST_KEY_UISupportedInterfaceOrientations_iPad = "UIInterfaceOrientationPortrait UIInterfaceOrientationPortraitUpsideDown UIInterfaceOrientationLandscapeLeft UIInterfaceOrientationLandscapeRight";
				INFOPLIST_KEY_UISupportedInterfaceOrientations_iPhone = "UIInterfaceOrientationPortrait UIInterfaceOrientationLandscapeLeft UIInterfaceOrientationLandscapeRight";
				IPHONEOS_DEPLOYMENT_TARGET = 15.1;
				LD_RUNPATH_SEARCH_PATHS = (
					"$(inherited)",
					"@executable_path/Frameworks",
				);
				MARKETING_VERSION = 1.0;
				PRODUCT_BUNDLE_IDENTIFIER = com.Test.CalculateShape;
				PRODUCT_NAME = "$(TARGET_NAME)";
				SWIFT_EMIT_LOC_STRINGS = YES;
				SWIFT_VERSION = 5.0;
				TARGETED_DEVICE_FAMILY = "1,2";
			};
			name = Debug;
		};
		759C560F2B769388007C5024 /* Release */ = {
			isa = XCBuildConfiguration;
			buildSettings = {
				ASSETCATALOG_COMPILER_APPICON_NAME = AppIcon;
				ASSETCATALOG_COMPILER_GLOBAL_ACCENT_COLOR_NAME = AccentColor;
				CODE_SIGN_STYLE = Automatic;
				CURRENT_PROJECT_VERSION = 1;
				DEVELOPMENT_TEAM = S7DZ5Y7M7U;
				GENERATE_INFOPLIST_FILE = YES;
				INFOPLIST_FILE = CalculateShape/Info.plist;
				INFOPLIST_KEY_UIApplicationSupportsIndirectInputEvents = YES;
				INFOPLIST_KEY_UILaunchStoryboardName = LaunchScreen;
				INFOPLIST_KEY_UISupportedInterfaceOrientations_iPad = "UIInterfaceOrientationPortrait UIInterfaceOrientationPortraitUpsideDown UIInterfaceOrientationLandscapeLeft UIInterfaceOrientationLandscapeRight";
				INFOPLIST_KEY_UISupportedInterfaceOrientations_iPhone = "UIInterfaceOrientationPortrait UIInterfaceOrientationLandscapeLeft UIInterfaceOrientationLandscapeRight";
				IPHONEOS_DEPLOYMENT_TARGET = 15.1;
				LD_RUNPATH_SEARCH_PATHS = (
					"$(inherited)",
					"@executable_path/Frameworks",
				);
				MARKETING_VERSION = 1.0;
				PRODUCT_BUNDLE_IDENTIFIER = com.Test.CalculateShape;
				PRODUCT_NAME = "$(TARGET_NAME)";
				SWIFT_EMIT_LOC_STRINGS = YES;
				SWIFT_VERSION = 5.0;
				TARGETED_DEVICE_FAMILY = "1,2";
			};
			name = Release;
		};
		759C561B2B769408007C5024 /* Debug */ = {
			isa = XCBuildConfiguration;
			buildSettings = {
				BUNDLE_LOADER = "$(TEST_HOST)";
				CODE_SIGN_STYLE = Automatic;
				CURRENT_PROJECT_VERSION = 1;
				DEVELOPMENT_TEAM = S7DZ5Y7M7U;
				GENERATE_INFOPLIST_FILE = YES;
				IPHONEOS_DEPLOYMENT_TARGET = 17.2;
				MACOSX_DEPLOYMENT_TARGET = 14.2;
				MARKETING_VERSION = 1.0;
				PRODUCT_BUNDLE_IDENTIFIER = com.Test.CalculateShapeTests;
				PRODUCT_NAME = "$(TARGET_NAME)";
				SDKROOT = auto;
				SUPPORTED_PLATFORMS = "iphoneos iphonesimulator macosx";
				SWIFT_EMIT_LOC_STRINGS = NO;
				SWIFT_VERSION = 5.0;
				TARGETED_DEVICE_FAMILY = "1,2";
				TEST_HOST = "$(BUILT_PRODUCTS_DIR)/CalculateShape.app/$(BUNDLE_EXECUTABLE_FOLDER_PATH)/CalculateShape";
			};
			name = Debug;
		};
		759C561C2B769408007C5024 /* Release */ = {
			isa = XCBuildConfiguration;
			buildSettings = {
				BUNDLE_LOADER = "$(TEST_HOST)";
				CODE_SIGN_STYLE = Automatic;
				CURRENT_PROJECT_VERSION = 1;
				DEVELOPMENT_TEAM = S7DZ5Y7M7U;
				GENERATE_INFOPLIST_FILE = YES;
				IPHONEOS_DEPLOYMENT_TARGET = 17.2;
				MACOSX_DEPLOYMENT_TARGET = 14.2;
				MARKETING_VERSION = 1.0;
				PRODUCT_BUNDLE_IDENTIFIER = com.Test.CalculateShapeTests;
				PRODUCT_NAME = "$(TARGET_NAME)";
				SDKROOT = auto;
				SUPPORTED_PLATFORMS = "iphoneos iphonesimulator macosx";
				SWIFT_EMIT_LOC_STRINGS = NO;
				SWIFT_VERSION = 5.0;
				TARGETED_DEVICE_FAMILY = "1,2";
				TEST_HOST = "$(BUILT_PRODUCTS_DIR)/CalculateShape.app/$(BUNDLE_EXECUTABLE_FOLDER_PATH)/CalculateShape";
			};
			name = Release;
		};
/* End XCBuildConfiguration section */

/* Begin XCConfigurationList section */
		759C55F42B769386007C5024 /* Build configuration list for PBXProject "CalculateShape" */ = {
			isa = XCConfigurationList;
			buildConfigurations = (
				759C560B2B769388007C5024 /* Debug */,
				759C560C2B769388007C5024 /* Release */,
			);
			defaultConfigurationIsVisible = 0;
			defaultConfigurationName = Release;
		};
		759C560D2B769388007C5024 /* Build configuration list for PBXNativeTarget "CalculateShape" */ = {
			isa = XCConfigurationList;
			buildConfigurations = (
				759C560E2B769388007C5024 /* Debug */,
				759C560F2B769388007C5024 /* Release */,
			);
			defaultConfigurationIsVisible = 0;
			defaultConfigurationName = Release;
		};
		759C561A2B769408007C5024 /* Build configuration list for PBXNativeTarget "CalculateShapeTests" */ = {
			isa = XCConfigurationList;
			buildConfigurations = (
				759C561B2B769408007C5024 /* Debug */,
				759C561C2B769408007C5024 /* Release */,
			);
			defaultConfigurationIsVisible = 0;
			defaultConfigurationName = Release;
		};
/* End XCConfigurationList section */
	};
	rootObject = 759C55F12B769386007C5024 /* Project object */;
}
